// !$*UTF8*$!
{
	archiveVersion = 1;
	classes = {
	};
	objectVersion = 46;
	objects = {

/* Begin PBXGroup section */
		E46ADB521D8D1CDC00F5A888 = {
			isa = PBXGroup;
			children = (
			);
			sourceTree = "<group>";
		};
/* End PBXGroup section */

/* Begin PBXProject section */
		E46ADB531D8D1CDC00F5A888 /* Project object */ = {
			isa = PBXProject;
			attributes = {
				LastUpgradeCheck = 0800;
			};
			buildConfigurationList = E46ADB561D8D1CDC00F5A888 /* Build configuration list for PBXProject "velocímetro" */;
			compatibilityVersion = "Xcode 3.2";
			developmentRegion = English;
			hasScannedForEncodings = 0;
			knownRegions = (
				en,
			);
			mainGroup = E46ADB521D8D1CDC00F5A888;
			projectDirPath = "";
			projectRoot = "";
			targets = (
			);
		};
/* End PBXProject section */

/* Begin XCBuildConfiguration section */
		E46ADB571D8D1CDC00F5A888 /* Debug */ = {
			isa = XCBuildConfiguration;
			buildSettings = {
			};
			name = Debug;
		};
		E46ADB581D8D1CDC00F5A888 /* Release */ = {
			isa = XCBuildConfiguration;
			buildSettings = {
			};
			name = Release;
		};
/* End XCBuildConfiguration section */

/* Begin XCConfigurationList section */
		E46ADB561D8D1CDC00F5A888 /* Build configuration list for PBXProject "velocímetro" */ = {
			isa = XCConfigurationList;
			buildConfigurations = (
				E46ADB571D8D1CDC00F5A888 /* Debug */,
				E46ADB581D8D1CDC00F5A888 /* Release */,
			);
			defaultConfigurationIsVisible = 0;
			defaultConfigurationName = Release;
		};
/* End XCConfigurationList section */
	};
	rootObject = E46ADB531D8D1CDC00F5A888 /* Project object */;
}
